github.com/brianvoe/gofakeit/v6 v6.24.0 h1:74yq7RRz/noddscZHRS2T84oHZisW9muwbb8sRnU52A=
github.com/brianvoe/gofakeit/v6 v6.24.0/go.mod h1:Ow6qC71xtwm79anlwKRlWZW6zVq9D2XHE4QSSMP/rU8=
github.com/brianvoe/gofakeit/v6 v6.28.0 h1:Xib46XXuQfmlLS2EXRuJpqcw8St6qSZz75OUo0tgAW4=
github.com/brianvoe/gofakeit/v6 v6.28.0/go.mod h1:Xj58BMSnFqcn/fAQeSK+/PLtC5kSb7FJIq4JyGa8vEs=
github.com/bwmarrin/snowflake v0.3.0 h1:xm67bEhkKh6ij1790JB83OujPR5CzNe8QuQqAgISZN0=
github.com/bwmarrin/snowflake v0.3.0/go.mod h1:NdZxfVWX+oR6y2K0o6qAYv6gIOP9rjG0/E9WsDpxqwE=
github.com/dustin/go-humanize v1.0.1 h1:GzkhY7T5VNhEkwH0PVJgjz+fX1rhBrR7pRT3mDkpeCY=
github.com/dustin/go-humanize v1.0.1/go.mod h1:Mu1zIs6XwVuF/gI1OepvI0qD18qycQx+mFykh5fBlto=
github.com/northes/gox v0.0.0-20240104075854-cb654b0d1fe8 h1:SpjnT6QyObRKs43okI84vD1ueNF7GrwfUotyq9ylvZA=
github.com/northes/gox v0.0.0-20240104075854-cb654b0d1fe8/go.mod h1:sYkeUO9Qv0x3phFpeXucnUGElMVtNuJ5UL8NDx5sVWw=
github.com/northes/gox v0.0.0-20240329023748-c25df9a30b29 h1:7TBHOoOj2vbDdaqlRgvZi72OKMiXCj+kW73PFEh3w0g=
github.com/northes/gox v0.0.0-20240329023748-c25df9a30b29/go.mod h1:bRa8kdIcTKEd5P87WSLUKegJ4662PkR5JDQz0rv3xsc=
github.com/stretchr/testify v1.9.0 h1:HtqpIVDClZ4nwg75+f6Lvsy/wHu+3BoSGCbBAcpTsTg=
github.com/stretchr/testify v1.9.0/go.mod h1:r2ic/lqez/lEtzL7wO/rwa5dbSLXVDPFyf8C91i36aY=
