github.com/brianvoe/gofakeit/v6 v6.24.0 h1:74yq7RRz/noddscZHRS2T84oHZisW9muwbb8sRnU52A=
github.com/brianvoe/gofakeit/v6 v6.24.0/go.mod h1:Ow6qC71xtwm79anlwKRlWZW6zVq9D2XHE4QSSMP/rU8=
github.com/bwmarrin/snowflake v0.3.0 h1:xm67bEhkKh6ij1790JB83OujPR5CzNe8QuQqAgISZN0=
github.com/bwmarrin/snowflake v0.3.0/go.mod h1:NdZxfVWX+oR6y2K0o6qAYv6gIOP9rjG0/E9WsDpxqwE=
github.com/dustin/go-humanize v1.0.1 h1:GzkhY7T5VNhEkwH0PVJgjz+fX1rhBrR7pRT3mDkpeCY=
github.com/dustin/go-humanize v1.0.1/go.mod h1:Mu1zIs6XwVuF/gI1OepvI0qD18qycQx+mFykh5fBlto=
github.com/northes/gox v0.0.0-20240104075854-cb654b0d1fe8 h1:SpjnT6QyObRKs43okI84vD1ueNF7GrwfUotyq9ylvZA=
github.com/northes/gox v0.0.0-20240104075854-cb654b0d1fe8/go.mod h1:sYkeUO9Qv0x3phFpeXucnUGElMVtNuJ5UL8NDx5sVWw=
